{
  "name": "RestandRenew",
  "version": "0.0.1",
  "lockfileVersion": 1,
  "requires": true,
  "dependencies": {
    "intl": {
      "version": "1.2.5",
      "resolved": "https://registry.npmjs.org/intl/-/intl-1.2.5.tgz",
      "integrity": "sha1-giRKIZDE5Bn4Nx9ao02qNCDiq94="
    },
    "ionic-angular": {
      "version": "3.6.1",
      "resolved": "https://registry.npmjs.org/ionic-angular/-/ionic-angular-3.6.1.tgz",
      "integrity": "sha512-lsUX9VEj5fXMoDXW9SBgKl33hlOYf/JmD+SJKYreXT63XN1C8N+jP01H5VoHYQFR18nzNZAxX5sv+/U1UdPtTA=="
    },
    "ionic2-calendar": {
      "version": "0.4.5",
      "resolved": "https://registry.npmjs.org/ionic2-calendar/-/ionic2-calendar-0.4.5.tgz",
      "integrity": "sha512-pOhD34n/Udka28RcwY3kToTxymy4qdXIQTyh/YnvXuW8eRUseQ1a45zFP5hfeVYqXg5g6p+87QIHaZQTcRyURw=="
    },
    "moment": {
      "version": "2.22.2",
      "resolved": "https://registry.npmjs.org/moment/-/moment-2.22.2.tgz",
      "integrity": "sha1-PCV/mDn8DpP/UxSWMiOeuQeD/2Y="
    }
  }
}
